// !$*UTF8*$!
{
	archiveVersion = 1;
	classes = {
	};
	objectVersion = 46;
	objects = {

/* Begin PBXBuildFile section */
		582EEC751E47DDAE0093389F /* AppDelegate.swift in Sources */ = {isa = PBXBuildFile; fileRef = 582EEC741E47DDAE0093389F /* AppDelegate.swift */; };
		582EEC7A1E47DDAE0093389F /* Main.storyboard in Resources */ = {isa = PBXBuildFile; fileRef = 582EEC781E47DDAE0093389F /* Main.storyboard */; };
		582EEC7D1E47DDAE0093389F /* flicks.xcdatamodeld in Sources */ = {isa = PBXBuildFile; fileRef = 582EEC7B1E47DDAE0093389F /* flicks.xcdatamodeld */; };
		582EEC7F1E47DDAE0093389F /* Assets.xcassets in Resources */ = {isa = PBXBuildFile; fileRef = 582EEC7E1E47DDAE0093389F /* Assets.xcassets */; };
		582EEC821E47DDAE0093389F /* LaunchScreen.storyboard in Resources */ = {isa = PBXBuildFile; fileRef = 582EEC801E47DDAE0093389F /* LaunchScreen.storyboard */; };
		582EEC8A1E47E5500093389F /* MoviesViewController.swift in Sources */ = {isa = PBXBuildFile; fileRef = 582EEC891E47E5500093389F /* MoviesViewController.swift */; };
		582EEC8C1E47ED090093389F /* MovieCell.swift in Sources */ = {isa = PBXBuildFile; fileRef = 582EEC8B1E47ED090093389F /* MovieCell.swift */; };
		587C39531E513D180081D39D /* DetailViewController.swift in Sources */ = {isa = PBXBuildFile; fileRef = 587C39521E513D180081D39D /* DetailViewController.swift */; };
		A911894D2102523F0B927250 /* Pods_flicks.framework in Frameworks */ = {isa = PBXBuildFile; fileRef = 42FEC06A8CC61A439032030F /* Pods_flicks.framework */; };
/* End PBXBuildFile section */

/* Begin PBXFileReference section */
		3CE6DE01724D5D758EA6DB04 /* Pods-flicks.release.xcconfig */ = {isa = PBXFileReference; includeInIndex = 1; lastKnownFileType = text.xcconfig; name = "Pods-flicks.release.xcconfig"; path = "Pods/Target Support Files/Pods-flicks/Pods-flicks.release.xcconfig"; sourceTree = "<group>"; };
		42FEC06A8CC61A439032030F /* Pods_flicks.framework */ = {isa = PBXFileReference; explicitFileType = wrapper.framework; includeInIndex = 0; path = Pods_flicks.framework; sourceTree = BUILT_PRODUCTS_DIR; };
		582EEC711E47DDAE0093389F /* flicks.app */ = {isa = PBXFileReference; explicitFileType = wrapper.application; includeInIndex = 0; path = flicks.app; sourceTree = BUILT_PRODUCTS_DIR; };
		582EEC741E47DDAE0093389F /* AppDelegate.swift */ = {isa = PBXFileReference; lastKnownFileType = sourcecode.swift; path = AppDelegate.swift; sourceTree = "<group>"; };
		582EEC791E47DDAE0093389F /* Base */ = {isa = PBXFileReference; lastKnownFileType = file.storyboard; name = Base; path = Base.lproj/Main.storyboard; sourceTree = "<group>"; };
		582EEC7C1E47DDAE0093389F /* flicks.xcdatamodel */ = {isa = PBXFileReference; lastKnownFileType = wrapper.xcdatamodel; path = flicks.xcdatamodel; sourceTree = "<group>"; };
		582EEC7E1E47DDAE0093389F /* Assets.xcassets */ = {isa = PBXFileReference; lastKnownFileType = folder.assetcatalog; path = Assets.xcassets; sourceTree = "<group>"; };
		582EEC811E47DDAE0093389F /* Base */ = {isa = PBXFileReference; lastKnownFileType = file.storyboard; name = Base; path = Base.lproj/LaunchScreen.storyboard; sourceTree = "<group>"; };
		582EEC831E47DDAE0093389F /* Info.plist */ = {isa = PBXFileReference; lastKnownFileType = text.plist.xml; path = Info.plist; sourceTree = "<group>"; };
		582EEC891E47E5500093389F /* MoviesViewController.swift */ = {isa = PBXFileReference; fileEncoding = 4; lastKnownFileType = sourcecode.swift; path = MoviesViewController.swift; sourceTree = "<group>"; };
		582EEC8B1E47ED090093389F /* MovieCell.swift */ = {isa = PBXFileReference; fileEncoding = 4; lastKnownFileType = sourcecode.swift; path = MovieCell.swift; sourceTree = "<group>"; };
		587C39521E513D180081D39D /* DetailViewController.swift */ = {isa = PBXFileReference; fileEncoding = 4; lastKnownFileType = sourcecode.swift; path = DetailViewController.swift; sourceTree = "<group>"; };
		5EB9756C4A2A0D12A9099ED0 /* Pods-flicks.debug.xcconfig */ = {isa = PBXFileReference; includeInIndex = 1; lastKnownFileType = text.xcconfig; name = "Pods-flicks.debug.xcconfig"; path = "Pods/Target Support Files/Pods-flicks/Pods-flicks.debug.xcconfig"; sourceTree = "<group>"; };
/* End PBXFileReference section */

/* Begin PBXFrameworksBuildPhase section */
		582EEC6E1E47DDAE0093389F /* Frameworks */ = {
			isa = PBXFrameworksBuildPhase;
			buildActionMask = 2147483647;
			files = (
				A911894D2102523F0B927250 /* Pods_flicks.framework in Frameworks */,
			);
			runOnlyForDeploymentPostprocessing = 0;
		};
/* End PBXFrameworksBuildPhase section */

/* Begin PBXGroup section */
		2E4CCA7AAC80F29D14A7753E /* Pods */ = {
			isa = PBXGroup;
			children = (
				5EB9756C4A2A0D12A9099ED0 /* Pods-flicks.debug.xcconfig */,
				3CE6DE01724D5D758EA6DB04 /* Pods-flicks.release.xcconfig */,
			);
			name = Pods;
			sourceTree = "<group>";
		};
		582EEC681E47DDAE0093389F = {
			isa = PBXGroup;
			children = (
				582EEC731E47DDAE0093389F /* flicks */,
				582EEC721E47DDAE0093389F /* Products */,
				2E4CCA7AAC80F29D14A7753E /* Pods */,
				70F9A515DDD6534D9D88F5D8 /* Frameworks */,
			);
			sourceTree = "<group>";
		};
		582EEC721E47DDAE0093389F /* Products */ = {
			isa = PBXGroup;
			children = (
				582EEC711E47DDAE0093389F /* flicks.app */,
			);
			name = Products;
			sourceTree = "<group>";
		};
		582EEC731E47DDAE0093389F /* flicks */ = {
			isa = PBXGroup;
			children = (
				582EEC8D1E47ED120093389F /* Views */,
				582EEC8E1E47ED1D0093389F /* View Controllers */,
				582EEC741E47DDAE0093389F /* AppDelegate.swift */,
				582EEC781E47DDAE0093389F /* Main.storyboard */,
				582EEC7E1E47DDAE0093389F /* Assets.xcassets */,
				582EEC801E47DDAE0093389F /* LaunchScreen.storyboard */,
				582EEC831E47DDAE0093389F /* Info.plist */,
				582EEC7B1E47DDAE0093389F /* flicks.xcdatamodeld */,
			);
			path = flicks;
			sourceTree = "<group>";
		};
		582EEC8D1E47ED120093389F /* Views */ = {
			isa = PBXGroup;
			children = (
				582EEC8B1E47ED090093389F /* MovieCell.swift */,
			);
			name = Views;
			sourceTree = "<group>";
		};
		582EEC8E1E47ED1D0093389F /* View Controllers */ = {
			isa = PBXGroup;
			children = (
				582EEC891E47E5500093389F /* MoviesViewController.swift */,
				587C39521E513D180081D39D /* DetailViewController.swift */,
			);
			name = "View Controllers";
			sourceTree = "<group>";
		};
		70F9A515DDD6534D9D88F5D8 /* Frameworks */ = {
			isa = PBXGroup;
			children = (
				42FEC06A8CC61A439032030F /* Pods_flicks.framework */,
			);
			name = Frameworks;
			sourceTree = "<group>";
		};
/* End PBXGroup section */

/* Begin PBXNativeTarget section */
		582EEC701E47DDAE0093389F /* flicks */ = {
			isa = PBXNativeTarget;
			buildConfigurationList = 582EEC861E47DDAE0093389F /* Build configuration list for PBXNativeTarget "flicks" */;
			buildPhases = (
				439851DA05BD10AC16497AD4 /* [CP] Check Pods Manifest.lock */,
				582EEC6D1E47DDAE0093389F /* Sources */,
				582EEC6E1E47DDAE0093389F /* Frameworks */,
				582EEC6F1E47DDAE0093389F /* Resources */,
				346A0B167B49636213903374 /* [CP] Embed Pods Frameworks */,
				403BA457DB0325111ACF951A /* [CP] Copy Pods Resources */,
			);
			buildRules = (
			);
			dependencies = (
			);
			name = flicks;
			productName = flicks;
			productReference = 582EEC711E47DDAE0093389F /* flicks.app */;
			productType = "com.apple.product-type.application";
		};
/* End PBXNativeTarget section */

/* Begin PBXProject section */
		582EEC691E47DDAE0093389F /* Project object */ = {
			isa = PBXProject;
			attributes = {
				LastSwiftUpdateCheck = 0820;
				LastUpgradeCheck = 0820;
				ORGANIZATIONNAME = "Minwei Xu";
				TargetAttributes = {
					582EEC701E47DDAE0093389F = {
						CreatedOnToolsVersion = 8.2.1;
						DevelopmentTeam = DA7ERXYKAU;
						ProvisioningStyle = Automatic;
					};
				};
			};
			buildConfigurationList = 582EEC6C1E47DDAE0093389F /* Build configuration list for PBXProject "flicks" */;
			compatibilityVersion = "Xcode 3.2";
			developmentRegion = English;
			hasScannedForEncodings = 0;
			knownRegions = (
				en,
				Base,
			);
			mainGroup = 582EEC681E47DDAE0093389F;
			productRefGroup = 582EEC721E47DDAE0093389F /* Products */;
			projectDirPath = "";
			projectRoot = "";
			targets = (
				582EEC701E47DDAE0093389F /* flicks */,
			);
		};
/* End PBXProject section */

/* Begin PBXResourcesBuildPhase section */
		582EEC6F1E47DDAE0093389F /* Resources */ = {
			isa = PBXResourcesBuildPhase;
			buildActionMask = 2147483647;
			files = (
				582EEC821E47DDAE0093389F /* LaunchScreen.storyboard in Resources */,
				582EEC7F1E47DDAE0093389F /* Assets.xcassets in Resources */,
				582EEC7A1E47DDAE0093389F /* Main.storyboard in Resources */,
			);
			runOnlyForDeploymentPostprocessing = 0;
		};
/* End PBXResourcesBuildPhase section */

/* Begin PBXShellScriptBuildPhase section */
		346A0B167B49636213903374 /* [CP] Embed Pods Frameworks */ = {
			isa = PBXShellScriptBuildPhase;
			buildActionMask = 2147483647;
			files = (
			);
			inputPaths = (
			);
			name = "[CP] Embed Pods Frameworks";
			outputPaths = (
			);
			runOnlyForDeploymentPostprocessing = 0;
			shellPath = /bin/sh;
			shellScript = "\"${SRCROOT}/Pods/Target Support Files/Pods-flicks/Pods-flicks-frameworks.sh\"\n";
			showEnvVarsInLog = 0;
		};
		403BA457DB0325111ACF951A /* [CP] Copy Pods Resources */ = {
			isa = PBXShellScriptBuildPhase;
			buildActionMask = 2147483647;
			files = (
			);
			inputPaths = (
			);
			name = "[CP] Copy Pods Resources";
			outputPaths = (
			);
			runOnlyForDeploymentPostprocessing = 0;
			shellPath = /bin/sh;
			shellScript = "\"${SRCROOT}/Pods/Target Support Files/Pods-flicks/Pods-flicks-resources.sh\"\n";
			showEnvVarsInLog = 0;
		};
		439851DA05BD10AC16497AD4 /* [CP] Check Pods Manifest.lock */ = {
			isa = PBXShellScriptBuildPhase;
			buildActionMask = 2147483647;
			files = (
			);
			inputPaths = (
			);
			name = "[CP] Check Pods Manifest.lock";
			outputPaths = (
			);
			runOnlyForDeploymentPostprocessing = 0;
			shellPath = /bin/sh;
			shellScript = "diff \"${PODS_ROOT}/../Podfile.lock\" \"${PODS_ROOT}/Manifest.lock\" > /dev/null\nif [ $? != 0 ] ; then\n    # print error to STDERR\n    echo \"error: The sandbox is not in sync with the Podfile.lock. Run 'pod install' or update your CocoaPods installation.\" >&2\n    exit 1\nfi\n";
			showEnvVarsInLog = 0;
		};
/* End PBXShellScriptBuildPhase section */

/* Begin PBXSourcesBuildPhase section */
		582EEC6D1E47DDAE0093389F /* Sources */ = {
			isa = PBXSourcesBuildPhase;
			buildActionMask = 2147483647;
			files = (
				582EEC751E47DDAE0093389F /* AppDelegate.swift in Sources */,
				582EEC7D1E47DDAE0093389F /* flicks.xcdatamodeld in Sources */,
				587C39531E513D180081D39D /* DetailViewController.swift in Sources */,
				582EEC8C1E47ED090093389F /* MovieCell.swift in Sources */,
				582EEC8A1E47E5500093389F /* MoviesViewController.swift in Sources */,
			);
			runOnlyForDeploymentPostprocessing = 0;
		};
/* End PBXSourcesBuildPhase section */

/* Begin PBXVariantGroup section */
		582EEC781E47DDAE0093389F /* Main.storyboard */ = {
			isa = PBXVariantGroup;
			children = (
				582EEC791E47DDAE0093389F /* Base */,
			);
			name = Main.storyboard;
			sourceTree = "<group>";
		};
		582EEC801E47DDAE0093389F /* LaunchScreen.storyboard */ = {
			isa = PBXVariantGroup;
			children = (
				582EEC811E47DDAE0093389F /* Base */,
			);
			name = LaunchScreen.storyboard;
			sourceTree = "<group>";
		};
/* End PBXVariantGroup section */

/* Begin XCBuildConfiguration section */
		582EEC841E47DDAE0093389F /* Debug */ = {
			isa = XCBuildConfiguration;
			buildSettings = {
				ALWAYS_SEARCH_USER_PATHS = NO;
				CLANG_ANALYZER_NONNULL = YES;
				CLANG_CXX_LANGUAGE_STANDARD = "gnu++0x";
				CLANG_CXX_LIBRARY = "libc++";
				CLANG_ENABLE_MODULES = YES;
				CLANG_ENABLE_OBJC_ARC = YES;
				CLANG_WARN_BOOL_CONVERSION = YES;
				CLANG_WARN_CONSTANT_CONVERSION = YES;
				CLANG_WARN_DIRECT_OBJC_ISA_USAGE = YES_ERROR;
				CLANG_WARN_DOCUMENTATION_COMMENTS = YES;
				CLANG_WARN_EMPTY_BODY = YES;
				CLANG_WARN_ENUM_CONVERSION = YES;
				CLANG_WARN_INFINITE_RECURSION = YES;
				CLANG_WARN_INT_CONVERSION = YES;
				CLANG_WARN_OBJC_ROOT_CLASS = YES_ERROR;
				CLANG_WARN_SUSPICIOUS_MOVE = YES;
				CLANG_WARN_UNREACHABLE_CODE = YES;
				CLANG_WARN__DUPLICATE_METHOD_MATCH = YES;
				"CODE_SIGN_IDENTITY[sdk=iphoneos*]" = "iPhone Developer";
				COPY_PHASE_STRIP = NO;
				DEBUG_INFORMATION_FORMAT = dwarf;
				ENABLE_STRICT_OBJC_MSGSEND = YES;
				ENABLE_TESTABILITY = YES;
				GCC_C_LANGUAGE_STANDARD = gnu99;
				GCC_DYNAMIC_NO_PIC = NO;
				GCC_NO_COMMON_BLOCKS = YES;
				GCC_OPTIMIZATION_LEVEL = 0;
				GCC_PREPROCESSOR_DEFINITIONS = (
					"DEBUG=1",
					"$(inherited)",
				);
				GCC_WARN_64_TO_32_BIT_CONVERSION = YES;
				GCC_WARN_ABOUT_RETURN_TYPE = YES_ERROR;
				GCC_WARN_UNDECLARED_SELECTOR = YES;
				GCC_WARN_UNINITIALIZED_AUTOS = YES_AGGRESSIVE;
				GCC_WARN_UNUSED_FUNCTION = YES;
				GCC_WARN_UNUSED_VARIABLE = YES;
				IPHONEOS_DEPLOYMENT_TARGET = 10.2;
				MTL_ENABLE_DEBUG_INFO = YES;
				ONLY_ACTIVE_ARCH = YES;
				SDKROOT = iphoneos;
				SWIFT_ACTIVE_COMPILATION_CONDITIONS = DEBUG;
				SWIFT_OPTIMIZATION_LEVEL = "-Onone";
			};
			name = Debug;
		};
		582EEC851E47DDAE0093389F /* Release */ = {
			isa = XCBuildConfiguration;
			buildSettings = {
				ALWAYS_SEARCH_USER_PATHS = NO;
				CLANG_ANALYZER_NONNULL = YES;
				CLANG_CXX_LANGUAGE_STANDARD = "gnu++0x";
				CLANG_CXX_LIBRARY = "libc++";
				CLANG_ENABLE_MODULES = YES;
				CLANG_ENABLE_OBJC_ARC = YES;
				CLANG_WARN_BOOL_CONVERSION = YES;
				CLANG_WARN_CONSTANT_CONVERSION = YES;
				CLANG_WARN_DIRECT_OBJC_ISA_USAGE = YES_ERROR;
				CLANG_WARN_DOCUMENTATION_COMMENTS = YES;
				CLANG_WARN_EMPTY_BODY = YES;
				CLANG_WARN_ENUM_CONVERSION = YES;
				CLANG_WARN_INFINITE_RECURSION = YES;
				CLANG_WARN_INT_CONVERSION = YES;
				CLANG_WARN_OBJC_ROOT_CLASS = YES_ERROR;
				CLANG_WARN_SUSPICIOUS_MOVE = YES;
				CLANG_WARN_UNREACHABLE_CODE = YES;
				CLANG_WARN__DUPLICATE_METHOD_MATCH = YES;
				"CODE_SIGN_IDENTITY[sdk=iphoneos*]" = "iPhone Developer";
				COPY_PHASE_STRIP = NO;
				DEBUG_INFORMATION_FORMAT = "dwarf-with-dsym";
				ENABLE_NS_ASSERTIONS = NO;
				ENABLE_STRICT_OBJC_MSGSEND = YES;
				GCC_C_LANGUAGE_STANDARD = gnu99;
				GCC_NO_COMMON_BLOCKS = YES;
				GCC_WARN_64_TO_32_BIT_CONVERSION = YES;
				GCC_WARN_ABOUT_RETURN_TYPE = YES_ERROR;
				GCC_WARN_UNDECLARED_SELECTOR = YES;
				GCC_WARN_UNINITIALIZED_AUTOS = YES_AGGRESSIVE;
				GCC_WARN_UNUSED_FUNCTION = YES;
				GCC_WARN_UNUSED_VARIABLE = YES;
				IPHONEOS_DEPLOYMENT_TARGET = 10.2;
				MTL_ENABLE_DEBUG_INFO = NO;
				SDKROOT = iphoneos;
				SWIFT_OPTIMIZATION_LEVEL = "-Owholemodule";
				VALIDATE_PRODUCT = YES;
			};
			name = Release;
		};
		582EEC871E47DDAE0093389F /* Debug */ = {
			isa = XCBuildConfiguration;
			baseConfigurationReference = 5EB9756C4A2A0D12A9099ED0 /* Pods-flicks.debug.xcconfig */;
			buildSettings = {
				ASSETCATALOG_COMPILER_APPICON_NAME = AppIcon;
				DEVELOPMENT_TEAM = DA7ERXYKAU;
				INFOPLIST_FILE = flicks/Info.plist;
				LD_RUNPATH_SEARCH_PATHS = "$(inherited) @executable_path/Frameworks";
				PRODUCT_BUNDLE_IDENTIFIER = com.vanshady.flicks;
				PRODUCT_NAME = "$(TARGET_NAME)";
				SWIFT_VERSION = 3.0;
			};
			name = Debug;
		};
		582EEC881E47DDAE0093389F /* Release */ = {
			isa = XCBuildConfiguration;
			baseConfigurationReference = 3CE6DE01724D5D758EA6DB04 /* Pods-flicks.release.xcconfig */;
			buildSettings = {
				ASSETCATALOG_COMPILER_APPICON_NAME = AppIcon;
				DEVELOPMENT_TEAM = DA7ERXYKAU;
				INFOPLIST_FILE = flicks/Info.plist;
				LD_RUNPATH_SEARCH_PATHS = "$(inherited) @executable_path/Frameworks";
				PRODUCT_BUNDLE_IDENTIFIER = com.vanshady.flicks;
				PRODUCT_NAME = "$(TARGET_NAME)";
				SWIFT_VERSION = 3.0;
			};
			name = Release;
		};
/* End XCBuildConfiguration section */

/* Begin XCConfigurationList section */
		582EEC6C1E47DDAE0093389F /* Build configuration list for PBXProject "flicks" */ = {
			isa = XCConfigurationList;
			buildConfigurations = (
				582EEC841E47DDAE0093389F /* Debug */,
				582EEC851E47DDAE0093389F /* Release */,
			);
			defaultConfigurationIsVisible = 0;
			defaultConfigurationName = Release;
		};
		582EEC861E47DDAE0093389F /* Build configuration list for PBXNativeTarget "flicks" */ = {
			isa = XCConfigurationList;
			buildConfigurations = (
				582EEC871E47DDAE0093389F /* Debug */,
				582EEC881E47DDAE0093389F /* Release */,
			);
			defaultConfigurationIsVisible = 0;
			defaultConfigurationName = Release;
		};
/* End XCConfigurationList section */

/* Begin XCVersionGroup section */
		582EEC7B1E47DDAE0093389F /* flicks.xcdatamodeld */ = {
			isa = XCVersionGroup;
			children = (
				582EEC7C1E47DDAE0093389F /* flicks.xcdatamodel */,
			);
			currentVersion = 582EEC7C1E47DDAE0093389F /* flicks.xcdatamodel */;
			path = flicks.xcdatamodeld;
			sourceTree = "<group>";
			versionGroupType = wrapper.xcdatamodel;
		};
/* End XCVersionGroup section */
	};
	rootObject = 582EEC691E47DDAE0093389F /* Project object */;
}
